
Microsoft Visual Studio Solution File, Format Version 12.00
# Visual Studio Version 17
VisualStudioVersion = 17.5.2.0
MinimumVisualStudioVersion = 10.0.40219.1
Project("{FAE04EC0-301F-11D3-BF4B-00C04F79EFBC}") = "DevTeamAIAssistant", "DevTeamAIAssistant\DevTeamAIAssistant.csproj", "{9CA0C510-410A-DC6A-3550-DE088F1EF19A}"
EndProject
Project("{FAE04EC0-301F-11D3-BF4B-00C04F79EFBC}") = "DevTeamAIAssistant.test", "DevTeamAIAssistant.test\DevTeamAIAssistant.test.csproj", "{46503D80-25EF-4203-8C1C-31C095CECBBA}"
EndProject
Global
	GlobalSection(SolutionConfigurationPlatforms) = preSolution
		Debug|Any CPU = Debug|Any CPU
		Debug|x64 = Debug|x64
		Debug|x86 = Debug|x86
		Release|Any CPU = Release|Any CPU
		Release|x64 = Release|x64
		Release|x86 = Release|x86
	EndGlobalSection
	GlobalSection(ProjectConfigurationPlatforms) = postSolution
		{9CA0C510-410A-DC6A-3550-DE088F1EF19A}.Debug|Any CPU.ActiveCfg = Debug|Any CPU
		{9CA0C510-410A-DC6A-3550-DE088F1EF19A}.Debug|Any CPU.Build.0 = Debug|Any CPU
		{9CA0C510-410A-DC6A-3550-DE088F1EF19A}.Debug|x64.ActiveCfg = Debug|Any CPU
		{9CA0C510-410A-DC6A-3550-DE088F1EF19A}.Debug|x64.Build.0 = Debug|Any CPU
		{9CA0C510-410A-DC6A-3550-DE088F1EF19A}.Debug|x86.ActiveCfg = Debug|Any CPU
		{9CA0C510-410A-DC6A-3550-DE088F1EF19A}.Debug|x86.Build.0 = Debug|Any CPU
		{9CA0C510-410A-DC6A-3550-DE088F1EF19A}.Release|Any CPU.ActiveCfg = Release|Any CPU
		{9CA0C510-410A-DC6A-3550-DE088F1EF19A}.Release|Any CPU.Build.0 = Release|Any CPU
		{9CA0C510-410A-DC6A-3550-DE088F1EF19A}.Release|x64.ActiveCfg = Release|Any CPU
		{9CA0C510-410A-DC6A-3550-DE088F1EF19A}.Release|x64.Build.0 = Release|Any CPU
		{9CA0C510-410A-DC6A-3550-DE088F1EF19A}.Release|x86.ActiveCfg = Release|Any CPU
		{9CA0C510-410A-DC6A-3550-DE088F1EF19A}.Release|x86.Build.0 = Release|Any CPU
		{46503D80-25EF-4203-8C1C-31C095CECBBA}.Debug|Any CPU.ActiveCfg = Debug|Any CPU
		{46503D80-25EF-4203-8C1C-31C095CECBBA}.Debug|Any CPU.Build.0 = Debug|Any CPU
		{46503D80-25EF-4203-8C1C-31C095CECBBA}.Debug|x64.ActiveCfg = Debug|Any CPU
		{46503D80-25EF-4203-8C1C-31C095CECBBA}.Debug|x64.Build.0 = Debug|Any CPU
		{46503D80-25EF-4203-8C1C-31C095CECBBA}.Debug|x86.ActiveCfg = Debug|Any CPU
		{46503D80-25EF-4203-8C1C-31C095CECBBA}.Debug|x86.Build.0 = Debug|Any CPU
		{46503D80-25EF-4203-8C1C-31C095CECBBA}.Release|Any CPU.ActiveCfg = Release|Any CPU
		{46503D80-25EF-4203-8C1C-31C095CECBBA}.Release|Any CPU.Build.0 = Release|Any CPU
		{46503D80-25EF-4203-8C1C-31C095CECBBA}.Release|x64.ActiveCfg = Release|Any CPU
		{46503D80-25EF-4203-8C1C-31C095CECBBA}.Release|x64.Build.0 = Release|Any CPU
		{46503D80-25EF-4203-8C1C-31C095CECBBA}.Release|x86.ActiveCfg = Release|Any CPU
		{46503D80-25EF-4203-8C1C-31C095CECBBA}.Release|x86.Build.0 = Release|Any CPU
	EndGlobalSection
	GlobalSection(SolutionProperties) = preSolution
		HideSolutionNode = FALSE
	EndGlobalSection
	GlobalSection(ExtensibilityGlobals) = postSolution
		SolutionGuid = {CEAD2175-05D3-435A-B977-C740AB943668}
	EndGlobalSection
EndGlobal
