Microsoft Visual Studio Solution File, Format Version 12.00
# Visual Studio Version 17
VisualStudioVersion = 17.5.2.0
MinimumVisualStudioVersion = 10.0.40219.1
Project("{FAE04EC0-301F-11D3-BF4B-00C04F79EFBC}") = "DevTeamAIAssistant", "DevTeamAIAssistant.csproj", "{9CA0C510-410A-DC6A-3550-DE088F1EF19A}"
EndProject
Global
	GlobalSection(SolutionConfigurationPlatforms) = preSolution
		Debug|Any CPU = Debug|Any CPU
		Release|Any CPU = Release|Any CPU
	EndGlobalSection
	GlobalSection(ProjectConfigurationPlatforms) = postSolution
		{9CA0C510-410A-DC6A-3550-DE088F1EF19A}.Debug|Any CPU.ActiveCfg = Debug|Any CPU
		{9CA0C510-410A-DC6A-3550-DE088F1EF19A}.Debug|Any CPU.Build.0 = Debug|Any CPU
		{9CA0C510-410A-DC6A-3550-DE088F1EF19A}.Release|Any CPU.ActiveCfg = Release|Any CPU
		{9CA0C510-410A-DC6A-3550-DE088F1EF19A}.Release|Any CPU.Build.0 = Release|Any CPU
	EndGlobalSection
	GlobalSection(SolutionProperties) = preSolution
		HideSolutionNode = FALSE
	EndGlobalSection
	GlobalSection(ExtensibilityGlobals) = postSolution
		SolutionGuid = {CEAD2175-05D3-435A-B977-C740AB943668}
	EndGlobalSection
EndGlobal
